{
  "lockfile-version": 1,
  "manifest": {
    "version": 1,
    "install": {
      "hugo": {
        "pkg-path": "hugo"
      },
      "just": {
        "pkg-path": "just"
      }
    },
    "hook": {},
    "profile": {},
    "options": {}
  },
  "packages": [
    {
      "attr_path": "hugo",
      "broken": false,
      "derivation": "/nix/store/yl6s3xihkz3mlrswcwp7dhbg1ciy4r7m-hugo-0.152.2.drv",
      "description": "Fast and modern static website engine",
      "install_id": "hugo",
      "license": "Apache-2.0",
      "locked_url": "https://github.com/flox/nixpkgs?rev=2fbfb1d73d239d2402a8fe03963e37aab15abe8b",
      "name": "hugo-0.152.2",
      "pname": "hugo",
      "rev": "2fbfb1d73d239d2402a8fe03963e37aab15abe8b",
      "rev_count": 910362,
      "rev_date": "2025-12-11T16:57:14Z",
      "scrape_date": "2025-12-14T03:01:48.540995Z",
      "stabilities": [
        "unstable"
      ],
      "unfree": false,
      "version": "0.152.2",
      "outputs_to_install": [
        "out"
      ],
      "outputs": {
        "out": "/nix/store/w7i107m90gn3aiq35jbgq6lbnlsxpz4s-hugo-0.152.2"
      },
      "system": "aarch64-darwin",
      "group": "toplevel",
      "priority": 5
    },
    {
      "attr_path": "hugo",
      "broken": false,
      "derivation": "/nix/store/yffjgw8s4gl9msv8bq8g87f4ls779ghk-hugo-0.152.2.drv",
      "description": "Fast and modern static website engine",
      "install_id": "hugo",
      "license": "Apache-2.0",
      "locked_url": "https://github.com/flox/nixpkgs?rev=2fbfb1d73d239d2402a8fe03963e37aab15abe8b",
      "name": "hugo-0.152.2",
      "pname": "hugo",
      "rev": "2fbfb1d73d239d2402a8fe03963e37aab15abe8b",
      "rev_count": 910362,
      "rev_date": "2025-12-11T16:57:14Z",
      "scrape_date": "2025-12-14T03:17:42.009436Z",
      "stabilities": [
        "unstable"
      ],
      "unfree": false,
      "version": "0.152.2",
      "outputs_to_install": [
        "out"
      ],
      "outputs": {
        "out": "/nix/store/5mjq7a6y3axm5014zh28jyji3mpi5wrl-hugo-0.152.2"
      },
      "system": "aarch64-linux",
      "group": "toplevel",
      "priority": 5
    },
    {
      "attr_path": "hugo",
      "broken": false,
      "derivation": "/nix/store/8sv9j865cqvlf8x3s72g3dwxqp3m18nq-hugo-0.152.2.drv",
      "description": "Fast and modern static website engine",
      "install_id": "hugo",
      "license": "Apache-2.0",
      "locked_url": "https://github.com/flox/nixpkgs?rev=2fbfb1d73d239d2402a8fe03963e37aab15abe8b",
      "name": "hugo-0.152.2",
      "pname": "hugo",
      "rev": "2fbfb1d73d239d2402a8fe03963e37aab15abe8b",
      "rev_count": 910362,
      "rev_date": "2025-12-11T16:57:14Z",
      "scrape_date": "2025-12-14T03:34:51.575606Z",
      "stabilities": [
        "unstable"
      ],
      "unfree": false,
      "version": "0.152.2",
      "outputs_to_install": [
        "out"
      ],
      "outputs": {
        "out": "/nix/store/3qw3lqh4ap709f93xgbhpw6xm6qjdqza-hugo-0.152.2"
      },
      "system": "x86_64-darwin",
      "group": "toplevel",
      "priority": 5
    },
    {
      "attr_path": "hugo",
      "broken": false,
      "derivation": "/nix/store/6ji4n0hlnvx03kmsdgk656sa5wiqc6g0-hugo-0.152.2.drv",
      "description": "Fast and modern static website engine",
      "install_id": "hugo",
      "license": "Apache-2.0",
      "locked_url": "https://github.com/flox/nixpkgs?rev=2fbfb1d73d239d2402a8fe03963e37aab15abe8b",
      "name": "hugo-0.152.2",
      "pname": "hugo",
      "rev": "2fbfb1d73d239d2402a8fe03963e37aab15abe8b",
      "rev_count": 910362,
      "rev_date": "2025-12-11T16:57:14Z",
      "scrape_date": "2025-12-14T03:50:41.136511Z",
      "stabilities": [
        "unstable"
      ],
      "unfree": false,
      "version": "0.152.2",
      "outputs_to_install": [
        "out"
      ],
      "outputs": {
        "out": "/nix/store/22bglxh2smwy0b4rpqq88kbq4zvdq6lq-hugo-0.152.2"
      },
      "system": "x86_64-linux",
      "group": "toplevel",
      "priority": 5
    },
    {
      "attr_path": "just",
      "broken": false,
      "derivation": "/nix/store/xf4a0icv9xs7l3ipd9jm3dgbcbsdikja-just-1.43.1.drv",
      "description": "Handy way to save and run project-specific commands",
      "install_id": "just",
      "license": "CC0-1.0",
      "locked_url": "https://github.com/flox/nixpkgs?rev=2fbfb1d73d239d2402a8fe03963e37aab15abe8b",
      "name": "just-1.43.1",
      "pname": "just",
      "rev": "2fbfb1d73d239d2402a8fe03963e37aab15abe8b",
      "rev_count": 910362,
      "rev_date": "2025-12-11T16:57:14Z",
      "scrape_date": "2025-12-14T03:01:49.625961Z",
      "stabilities": [
        "unstable"
      ],
      "unfree": false,
      "version": "1.43.1",
      "outputs_to_install": [
        "man",
        "out"
      ],
      "outputs": {
        "doc": "/nix/store/g2z02i3a2z17h9cmx04sp7zpzzgzkqh8-just-1.43.1-doc",
        "man": "/nix/store/y8ggbr7rq06mpqsdckpdsxzhjkspw63g-just-1.43.1-man",
        "out": "/nix/store/g6cidwix7lzzb0i5lpisvb7gx051qsc1-just-1.43.1"
      },
      "system": "aarch64-darwin",
      "group": "toplevel",
      "priority": 5
    },
    {
      "attr_path": "just",
      "broken": false,
      "derivation": "/nix/store/lr5qgv5ddz1sfwi83grybb6lkxalmfpd-just-1.43.1.drv",
      "description": "Handy way to save and run project-specific commands",
      "install_id": "just",
      "license": "CC0-1.0",
      "locked_url": "https://github.com/flox/nixpkgs?rev=2fbfb1d73d239d2402a8fe03963e37aab15abe8b",
      "name": "just-1.43.1",
      "pname": "just",
      "rev": "2fbfb1d73d239d2402a8fe03963e37aab15abe8b",
      "rev_count": 910362,
      "rev_date": "2025-12-11T16:57:14Z",
      "scrape_date": "2025-12-14T03:17:44.502106Z",
      "stabilities": [
        "unstable"
      ],
      "unfree": false,
      "version": "1.43.1",
      "outputs_to_install": [
        "man",
        "out"
      ],
      "outputs": {
        "doc": "/nix/store/99qn6axss3rk7c681rkhj9zza0ax2i74-just-1.43.1-doc",
        "man": "/nix/store/59aflmjxv0qbkaqzmjni4yydg873dl5v-just-1.43.1-man",
        "out": "/nix/store/ni4jn8rsn0h49lng7hdq6584zc4gpy9l-just-1.43.1"
      },
      "system": "aarch64-linux",
      "group": "toplevel",
      "priority": 5
    },
    {
      "attr_path": "just",
      "broken": false,
      "derivation": "/nix/store/sbncp3sn7xx3r5va6vp2g1p3zzda5j9k-just-1.43.1.drv",
      "description": "Handy way to save and run project-specific commands",
      "install_id": "just",
      "license": "CC0-1.0",
      "locked_url": "https://github.com/flox/nixpkgs?rev=2fbfb1d73d239d2402a8fe03963e37aab15abe8b",
      "name": "just-1.43.1",
      "pname": "just",
      "rev": "2fbfb1d73d239d2402a8fe03963e37aab15abe8b",
      "rev_count": 910362,
      "rev_date": "2025-12-11T16:57:14Z",
      "scrape_date": "2025-12-14T03:34:52.623617Z",
      "stabilities": [
        "unstable"
      ],
      "unfree": false,
      "version": "1.43.1",
      "outputs_to_install": [
        "man",
        "out"
      ],
      "outputs": {
        "doc": "/nix/store/kqx5lgjwpaipi7whnydwkl72alwvn5jz-just-1.43.1-doc",
        "man": "/nix/store/j67aa2bj6ssz61x4bh0ga0z1qzzv3prp-just-1.43.1-man",
        "out": "/nix/store/aa9459rdk1lzj2yd27csaasn9hb98ckr-just-1.43.1"
      },
      "system": "x86_64-darwin",
      "group": "toplevel",
      "priority": 5
    },
    {
      "attr_path": "just",
      "broken": false,
      "derivation": "/nix/store/kd9p68lszavdyqywdg72gcfnhg9micxg-just-1.43.1.drv",
      "description": "Handy way to save and run project-specific commands",
      "install_id": "just",
      "license": "CC0-1.0",
      "locked_url": "https://github.com/flox/nixpkgs?rev=2fbfb1d73d239d2402a8fe03963e37aab15abe8b",
      "name": "just-1.43.1",
      "pname": "just",
      "rev": "2fbfb1d73d239d2402a8fe03963e37aab15abe8b",
      "rev_count": 910362,
      "rev_date": "2025-12-11T16:57:14Z",
      "scrape_date": "2025-12-14T03:50:42.998409Z",
      "stabilities": [
        "unstable"
      ],
      "unfree": false,
      "version": "1.43.1",
      "outputs_to_install": [
        "man",
        "out"
      ],
      "outputs": {
        "doc": "/nix/store/idyx9h5gmcnzzqbjb50nwf30i4g1050v-just-1.43.1-doc",
        "man": "/nix/store/ib17hahpg1vpgh1ll0r7nb6rkmilpiil-just-1.43.1-man",
        "out": "/nix/store/kkmg0vkp9y4jp9yqgzrml0fgac9lfcyq-just-1.43.1"
      },
      "system": "x86_64-linux",
      "group": "toplevel",
      "priority": 5
    }
  ]
}